// !$*UTF8*$!
{
	archiveVersion = 1;
	classes = {
	};
	objectVersion = 46;
	objects = {

/* Begin PBXBuildFile section */
		2007CB381C478E5C00E8B154 /* main.m in Sources */ = {isa = PBXBuildFile; fileRef = 2007CB371C478E5C00E8B154 /* main.m */; };
		2007CB3B1C478E5C00E8B154 /* AppDelegate.m in Sources */ = {isa = PBXBuildFile; fileRef = 2007CB3A1C478E5C00E8B154 /* AppDelegate.m */; };
		2007CB411C478E5C00E8B154 /* Main.storyboard in Resources */ = {isa = PBXBuildFile; fileRef = 2007CB3F1C478E5C00E8B154 /* Main.storyboard */; };
		2007CB431C478E5C00E8B154 /* Assets.xcassets in Resources */ = {isa = PBXBuildFile; fileRef = 2007CB421C478E5C00E8B154 /* Assets.xcassets */; };
		2007CB461C478E5C00E8B154 /* LaunchScreen.storyboard in Resources */ = {isa = PBXBuildFile; fileRef = 2007CB441C478E5C00E8B154 /* LaunchScreen.storyboard */; };
		2007CB611C47C43000E8B154 /* LoginViewController.m in Sources */ = {isa = PBXBuildFile; fileRef = 2007CB601C47C43000E8B154 /* LoginViewController.m */; };
		2007CB661C47D24300E8B154 /* AuthManager.m in Sources */ = {isa = PBXBuildFile; fileRef = 2007CB651C47D24300E8B154 /* AuthManager.m */; };
		2007CB6D1C4805B000E8B154 /* BaseModel.m in Sources */ = {isa = PBXBuildFile; fileRef = 2007CB6C1C4805B000E8B154 /* BaseModel.m */; };
		2007CB741C4805E400E8B154 /* AccessToken.m in Sources */ = {isa = PBXBuildFile; fileRef = 2007CB731C4805E400E8B154 /* AccessToken.m */; };
		2007CB7C1C480B0300E8B154 /* MTLJSONAdapter+Utils.m in Sources */ = {isa = PBXBuildFile; fileRef = 2007CB7B1C480B0300E8B154 /* MTLJSONAdapter+Utils.m */; };
		2007CB7F1C480ED300E8B154 /* UIViewController+Alerts.m in Sources */ = {isa = PBXBuildFile; fileRef = 2007CB7E1C480ED300E8B154 /* UIViewController+Alerts.m */; };
		2007CB821C48E5F300E8B154 /* MainTabBarController.m in Sources */ = {isa = PBXBuildFile; fileRef = 2007CB811C48E5F300E8B154 /* MainTabBarController.m */; };
		2007CB851C48E6BB00E8B154 /* ProfileViewController.m in Sources */ = {isa = PBXBuildFile; fileRef = 2007CB841C48E6BB00E8B154 /* ProfileViewController.m */; };
		2007CB8A1C49279400E8B154 /* FirebaseManager.m in Sources */ = {isa = PBXBuildFile; fileRef = 2007CB891C49279400E8B154 /* FirebaseManager.m */; };
		2007CB8D1C492D1F00E8B154 /* ThermostatDetailsViewController.m in Sources */ = {isa = PBXBuildFile; fileRef = 2007CB8C1C492D1F00E8B154 /* ThermostatDetailsViewController.m */; };
		2007CB901C493A0A00E8B154 /* DeviceLocation.m in Sources */ = {isa = PBXBuildFile; fileRef = 2007CB8F1C493A0A00E8B154 /* DeviceLocation.m */; };
		2007CB931C493ADD00E8B154 /* Structure.m in Sources */ = {isa = PBXBuildFile; fileRef = 2007CB921C493ADD00E8B154 /* Structure.m */; };
		2007CB961C49405000E8B154 /* Metadata.m in Sources */ = {isa = PBXBuildFile; fileRef = 2007CB951C49405000E8B154 /* Metadata.m */; };
		2007CB991C49416200E8B154 /* Thermostat.m in Sources */ = {isa = PBXBuildFile; fileRef = 2007CB981C49416200E8B154 /* Thermostat.m */; };
		2039A76B1C4953D500CC5BC5 /* NSDateFormatter+ISO8601.m in Sources */ = {isa = PBXBuildFile; fileRef = 2039A76A1C4953D500CC5BC5 /* NSDateFormatter+ISO8601.m */; };
		2039A76E1C49553700CC5BC5 /* State.m in Sources */ = {isa = PBXBuildFile; fileRef = 2039A76D1C49553700CC5BC5 /* State.m */; };
		2039A7711C49565B00CC5BC5 /* Devices.m in Sources */ = {isa = PBXBuildFile; fileRef = 2039A7701C49565B00CC5BC5 /* Devices.m */; };
		2039A7741C495A0F00CC5BC5 /* MTLValueTransformer+PseudoArray.m in Sources */ = {isa = PBXBuildFile; fileRef = 2039A7731C495A0F00CC5BC5 /* MTLValueTransformer+PseudoArray.m */; };
		2039A7771C4A5D3000CC5BC5 /* StructuresViewController.m in Sources */ = {isa = PBXBuildFile; fileRef = 2039A7761C4A5D3000CC5BC5 /* StructuresViewController.m */; };
		2039A77A1C4A636500CC5BC5 /* ThermostatsTableViewController.m in Sources */ = {isa = PBXBuildFile; fileRef = 2039A7791C4A636500CC5BC5 /* ThermostatsTableViewController.m */; };
		205CA99D1C5266F400D73F37 /* UITableView+Utils.m in Sources */ = {isa = PBXBuildFile; fileRef = 205CA99C1C5266F400D73F37 /* UITableView+Utils.m */; };
		205CA9A01C526C6300D73F37 /* UIColor+CustomColors.m in Sources */ = {isa = PBXBuildFile; fileRef = 205CA99F1C526C6300D73F37 /* UIColor+CustomColors.m */; };
		C34F3DEAD5DE7195596925AD /* libPods-Nest.a in Frameworks */ = {isa = PBXBuildFile; fileRef = 5CB6B5B8DD6115126CA35184 /* libPods-Nest.a */; };
/* End PBXBuildFile section */

/* Begin PBXFileReference section */
		2007CB331C478E5C00E8B154 /* Nest.app */ = {isa = PBXFileReference; explicitFileType = wrapper.application; includeInIndex = 0; path = Nest.app; sourceTree = BUILT_PRODUCTS_DIR; };
		2007CB371C478E5C00E8B154 /* main.m */ = {isa = PBXFileReference; lastKnownFileType = sourcecode.c.objc; path = main.m; sourceTree = "<group>"; };
		2007CB391C478E5C00E8B154 /* AppDelegate.h */ = {isa = PBXFileReference; lastKnownFileType = sourcecode.c.h; path = AppDelegate.h; sourceTree = "<group>"; };
		2007CB3A1C478E5C00E8B154 /* AppDelegate.m */ = {isa = PBXFileReference; lastKnownFileType = sourcecode.c.objc; path = AppDelegate.m; sourceTree = "<group>"; };
		2007CB401C478E5C00E8B154 /* Base */ = {isa = PBXFileReference; lastKnownFileType = file.storyboard; name = Base; path = Base.lproj/Main.storyboard; sourceTree = "<group>"; };
		2007CB421C478E5C00E8B154 /* Assets.xcassets */ = {isa = PBXFileReference; lastKnownFileType = folder.assetcatalog; path = Assets.xcassets; sourceTree = "<group>"; };
		2007CB451C478E5C00E8B154 /* Base */ = {isa = PBXFileReference; lastKnownFileType = file.storyboard; name = Base; path = Base.lproj/LaunchScreen.storyboard; sourceTree = "<group>"; };
		2007CB471C478E5D00E8B154 /* Info.plist */ = {isa = PBXFileReference; lastKnownFileType = text.plist.xml; path = Info.plist; sourceTree = "<group>"; };
		2007CB5F1C47C43000E8B154 /* LoginViewController.h */ = {isa = PBXFileReference; fileEncoding = 4; lastKnownFileType = sourcecode.c.h; path = LoginViewController.h; sourceTree = "<group>"; };
		2007CB601C47C43000E8B154 /* LoginViewController.m */ = {isa = PBXFileReference; fileEncoding = 4; lastKnownFileType = sourcecode.c.objc; path = LoginViewController.m; sourceTree = "<group>"; };
		2007CB641C47D24300E8B154 /* AuthManager.h */ = {isa = PBXFileReference; fileEncoding = 4; lastKnownFileType = sourcecode.c.h; path = AuthManager.h; sourceTree = "<group>"; };
		2007CB651C47D24300E8B154 /* AuthManager.m */ = {isa = PBXFileReference; fileEncoding = 4; lastKnownFileType = sourcecode.c.objc; path = AuthManager.m; sourceTree = "<group>"; };
		2007CB6B1C4805B000E8B154 /* BaseModel.h */ = {isa = PBXFileReference; fileEncoding = 4; lastKnownFileType = sourcecode.c.h; path = BaseModel.h; sourceTree = "<group>"; };
		2007CB6C1C4805B000E8B154 /* BaseModel.m */ = {isa = PBXFileReference; fileEncoding = 4; lastKnownFileType = sourcecode.c.objc; path = BaseModel.m; sourceTree = "<group>"; };
		2007CB721C4805E400E8B154 /* AccessToken.h */ = {isa = PBXFileReference; fileEncoding = 4; lastKnownFileType = sourcecode.c.h; path = AccessToken.h; sourceTree = "<group>"; };
		2007CB731C4805E400E8B154 /* AccessToken.m */ = {isa = PBXFileReference; fileEncoding = 4; lastKnownFileType = sourcecode.c.objc; path = AccessToken.m; sourceTree = "<group>"; };
		2007CB7A1C480B0300E8B154 /* MTLJSONAdapter+Utils.h */ = {isa = PBXFileReference; fileEncoding = 4; lastKnownFileType = sourcecode.c.h; path = "MTLJSONAdapter+Utils.h"; sourceTree = "<group>"; };
		2007CB7B1C480B0300E8B154 /* MTLJSONAdapter+Utils.m */ = {isa = PBXFileReference; fileEncoding = 4; lastKnownFileType = sourcecode.c.objc; path = "MTLJSONAdapter+Utils.m"; sourceTree = "<group>"; };
		2007CB7D1C480ED300E8B154 /* UIViewController+Alerts.h */ = {isa = PBXFileReference; fileEncoding = 4; lastKnownFileType = sourcecode.c.h; path = "UIViewController+Alerts.h"; sourceTree = "<group>"; };
		2007CB7E1C480ED300E8B154 /* UIViewController+Alerts.m */ = {isa = PBXFileReference; fileEncoding = 4; lastKnownFileType = sourcecode.c.objc; path = "UIViewController+Alerts.m"; sourceTree = "<group>"; };
		2007CB801C48E5F300E8B154 /* MainTabBarController.h */ = {isa = PBXFileReference; fileEncoding = 4; lastKnownFileType = sourcecode.c.h; path = MainTabBarController.h; sourceTree = "<group>"; };
		2007CB811C48E5F300E8B154 /* MainTabBarController.m */ = {isa = PBXFileReference; fileEncoding = 4; lastKnownFileType = sourcecode.c.objc; path = MainTabBarController.m; sourceTree = "<group>"; };
		2007CB831C48E6BB00E8B154 /* ProfileViewController.h */ = {isa = PBXFileReference; fileEncoding = 4; lastKnownFileType = sourcecode.c.h; path = ProfileViewController.h; sourceTree = "<group>"; };
		2007CB841C48E6BB00E8B154 /* ProfileViewController.m */ = {isa = PBXFileReference; fileEncoding = 4; lastKnownFileType = sourcecode.c.objc; path = ProfileViewController.m; sourceTree = "<group>"; };
		2007CB871C48F00E00E8B154 /* PrefixHeader.pch */ = {isa = PBXFileReference; lastKnownFileType = sourcecode.c.h; path = PrefixHeader.pch; sourceTree = "<group>"; };
		2007CB881C49279400E8B154 /* FirebaseManager.h */ = {isa = PBXFileReference; fileEncoding = 4; lastKnownFileType = sourcecode.c.h; path = FirebaseManager.h; sourceTree = "<group>"; };
		2007CB891C49279400E8B154 /* FirebaseManager.m */ = {isa = PBXFileReference; fileEncoding = 4; lastKnownFileType = sourcecode.c.objc; path = FirebaseManager.m; sourceTree = "<group>"; };
		2007CB8B1C492D1F00E8B154 /* ThermostatDetailsViewController.h */ = {isa = PBXFileReference; fileEncoding = 4; lastKnownFileType = sourcecode.c.h; path = ThermostatDetailsViewController.h; sourceTree = "<group>"; };
		2007CB8C1C492D1F00E8B154 /* ThermostatDetailsViewController.m */ = {isa = PBXFileReference; fileEncoding = 4; lastKnownFileType = sourcecode.c.objc; path = ThermostatDetailsViewController.m; sourceTree = "<group>"; };
		2007CB8E1C493A0A00E8B154 /* DeviceLocation.h */ = {isa = PBXFileReference; fileEncoding = 4; lastKnownFileType = sourcecode.c.h; path = DeviceLocation.h; sourceTree = "<group>"; };
		2007CB8F1C493A0A00E8B154 /* DeviceLocation.m */ = {isa = PBXFileReference; fileEncoding = 4; lastKnownFileType = sourcecode.c.objc; path = DeviceLocation.m; sourceTree = "<group>"; };
		2007CB911C493ADD00E8B154 /* Structure.h */ = {isa = PBXFileReference; fileEncoding = 4; lastKnownFileType = sourcecode.c.h; path = Structure.h; sourceTree = "<group>"; };
		2007CB921C493ADD00E8B154 /* Structure.m */ = {isa = PBXFileReference; fileEncoding = 4; lastKnownFileType = sourcecode.c.objc; path = Structure.m; sourceTree = "<group>"; };
		2007CB941C49405000E8B154 /* Metadata.h */ = {isa = PBXFileReference; fileEncoding = 4; lastKnownFileType = sourcecode.c.h; path = Metadata.h; sourceTree = "<group>"; };
		2007CB951C49405000E8B154 /* Metadata.m */ = {isa = PBXFileReference; fileEncoding = 4; lastKnownFileType = sourcecode.c.objc; path = Metadata.m; sourceTree = "<group>"; };
		2007CB971C49416200E8B154 /* Thermostat.h */ = {isa = PBXFileReference; fileEncoding = 4; lastKnownFileType = sourcecode.c.h; path = Thermostat.h; sourceTree = "<group>"; };
		2007CB981C49416200E8B154 /* Thermostat.m */ = {isa = PBXFileReference; fileEncoding = 4; lastKnownFileType = sourcecode.c.objc; path = Thermostat.m; sourceTree = "<group>"; };
		2039A7691C4953D500CC5BC5 /* NSDateFormatter+ISO8601.h */ = {isa = PBXFileReference; fileEncoding = 4; lastKnownFileType = sourcecode.c.h; path = "NSDateFormatter+ISO8601.h"; sourceTree = "<group>"; };
		2039A76A1C4953D500CC5BC5 /* NSDateFormatter+ISO8601.m */ = {isa = PBXFileReference; fileEncoding = 4; lastKnownFileType = sourcecode.c.objc; path = "NSDateFormatter+ISO8601.m"; sourceTree = "<group>"; };
		2039A76C1C49553700CC5BC5 /* State.h */ = {isa = PBXFileReference; fileEncoding = 4; lastKnownFileType = sourcecode.c.h; path = State.h; sourceTree = "<group>"; };
		2039A76D1C49553700CC5BC5 /* State.m */ = {isa = PBXFileReference; fileEncoding = 4; lastKnownFileType = sourcecode.c.objc; path = State.m; sourceTree = "<group>"; };
		2039A76F1C49565B00CC5BC5 /* Devices.h */ = {isa = PBXFileReference; fileEncoding = 4; lastKnownFileType = sourcecode.c.h; path = Devices.h; sourceTree = "<group>"; };
		2039A7701C49565B00CC5BC5 /* Devices.m */ = {isa = PBXFileReference; fileEncoding = 4; lastKnownFileType = sourcecode.c.objc; path = Devices.m; sourceTree = "<group>"; };
		2039A7721C495A0F00CC5BC5 /* MTLValueTransformer+PseudoArray.h */ = {isa = PBXFileReference; fileEncoding = 4; lastKnownFileType = sourcecode.c.h; path = "MTLValueTransformer+PseudoArray.h"; sourceTree = "<group>"; };
		2039A7731C495A0F00CC5BC5 /* MTLValueTransformer+PseudoArray.m */ = {isa = PBXFileReference; fileEncoding = 4; lastKnownFileType = sourcecode.c.objc; path = "MTLValueTransformer+PseudoArray.m"; sourceTree = "<group>"; };
		2039A7751C4A5D3000CC5BC5 /* StructuresViewController.h */ = {isa = PBXFileReference; fileEncoding = 4; lastKnownFileType = sourcecode.c.h; path = StructuresViewController.h; sourceTree = "<group>"; };
		2039A7761C4A5D3000CC5BC5 /* StructuresViewController.m */ = {isa = PBXFileReference; fileEncoding = 4; lastKnownFileType = sourcecode.c.objc; path = StructuresViewController.m; sourceTree = "<group>"; };
		2039A7781C4A636500CC5BC5 /* ThermostatsTableViewController.h */ = {isa = PBXFileReference; fileEncoding = 4; lastKnownFileType = sourcecode.c.h; path = ThermostatsTableViewController.h; sourceTree = "<group>"; };
		2039A7791C4A636500CC5BC5 /* ThermostatsTableViewController.m */ = {isa = PBXFileReference; fileEncoding = 4; lastKnownFileType = sourcecode.c.objc; path = ThermostatsTableViewController.m; sourceTree = "<group>"; };
		2039A77D1C4A7A3700CC5BC5 /* CFNetwork.framework */ = {isa = PBXFileReference; lastKnownFileType = wrapper.framework; name = CFNetwork.framework; path = System/Library/Frameworks/CFNetwork.framework; sourceTree = SDKROOT; };
		2039A77F1C4A7A3D00CC5BC5 /* Security.framework */ = {isa = PBXFileReference; lastKnownFileType = wrapper.framework; name = Security.framework; path = System/Library/Frameworks/Security.framework; sourceTree = SDKROOT; };
		2039A7811C4A7A4500CC5BC5 /* SystemConfiguration.framework */ = {isa = PBXFileReference; lastKnownFileType = wrapper.framework; name = SystemConfiguration.framework; path = System/Library/Frameworks/SystemConfiguration.framework; sourceTree = SDKROOT; };
		2039A7831C4A7B4B00CC5BC5 /* libicucore.tbd */ = {isa = PBXFileReference; lastKnownFileType = "sourcecode.text-based-dylib-definition"; name = libicucore.tbd; path = usr/lib/libicucore.tbd; sourceTree = SDKROOT; };
		2039A7851C4A7B5200CC5BC5 /* libc++.tbd */ = {isa = PBXFileReference; lastKnownFileType = "sourcecode.text-based-dylib-definition"; name = "libc++.tbd"; path = "usr/lib/libc++.tbd"; sourceTree = SDKROOT; };
		205CA99B1C5266F400D73F37 /* UITableView+Utils.h */ = {isa = PBXFileReference; fileEncoding = 4; lastKnownFileType = sourcecode.c.h; path = "UITableView+Utils.h"; sourceTree = "<group>"; };
		205CA99C1C5266F400D73F37 /* UITableView+Utils.m */ = {isa = PBXFileReference; fileEncoding = 4; lastKnownFileType = sourcecode.c.objc; path = "UITableView+Utils.m"; sourceTree = "<group>"; };
		205CA99E1C526C6300D73F37 /* UIColor+CustomColors.h */ = {isa = PBXFileReference; fileEncoding = 4; lastKnownFileType = sourcecode.c.h; path = "UIColor+CustomColors.h"; sourceTree = "<group>"; };
		205CA99F1C526C6300D73F37 /* UIColor+CustomColors.m */ = {isa = PBXFileReference; fileEncoding = 4; lastKnownFileType = sourcecode.c.objc; path = "UIColor+CustomColors.m"; sourceTree = "<group>"; };
		3AF5F20CE1DD94DA1A836ACC /* Pods-Nest.debug.xcconfig */ = {isa = PBXFileReference; includeInIndex = 1; lastKnownFileType = text.xcconfig; name = "Pods-Nest.debug.xcconfig"; path = "Pods/Target Support Files/Pods-Nest/Pods-Nest.debug.xcconfig"; sourceTree = "<group>"; };
		5CB6B5B8DD6115126CA35184 /* libPods-Nest.a */ = {isa = PBXFileReference; explicitFileType = archive.ar; includeInIndex = 0; path = "libPods-Nest.a"; sourceTree = BUILT_PRODUCTS_DIR; };
		A30279169605DB52286435E2 /* Pods-Nest.release.xcconfig */ = {isa = PBXFileReference; includeInIndex = 1; lastKnownFileType = text.xcconfig; name = "Pods-Nest.release.xcconfig"; path = "Pods/Target Support Files/Pods-Nest/Pods-Nest.release.xcconfig"; sourceTree = "<group>"; };
/* End PBXFileReference section */

/* Begin PBXFrameworksBuildPhase section */
		2007CB301C478E5C00E8B154 /* Frameworks */ = {
			isa = PBXFrameworksBuildPhase;
			buildActionMask = 2147483647;
			files = (
				C34F3DEAD5DE7195596925AD /* libPods-Nest.a in Frameworks */,
			);
			runOnlyForDeploymentPostprocessing = 0;
		};
/* End PBXFrameworksBuildPhase section */

/* Begin PBXGroup section */
		191F2155DE05F76E84F10A0B /* Frameworks */ = {
			isa = PBXGroup;
			children = (
				2039A7851C4A7B5200CC5BC5 /* libc++.tbd */,
				2039A7831C4A7B4B00CC5BC5 /* libicucore.tbd */,
				2039A7811C4A7A4500CC5BC5 /* SystemConfiguration.framework */,
				2039A77F1C4A7A3D00CC5BC5 /* Security.framework */,
				2039A77D1C4A7A3700CC5BC5 /* CFNetwork.framework */,
				5CB6B5B8DD6115126CA35184 /* libPods-Nest.a */,
			);
			name = Frameworks;
			sourceTree = "<group>";
		};
		2007CB2A1C478E5C00E8B154 = {
			isa = PBXGroup;
			children = (
				2007CB351C478E5C00E8B154 /* Nest */,
				2007CB341C478E5C00E8B154 /* Products */,
				7D10876A14DC4D24391258B0 /* Pods */,
				191F2155DE05F76E84F10A0B /* Frameworks */,
			);
			sourceTree = "<group>";
		};
		2007CB341C478E5C00E8B154 /* Products */ = {
			isa = PBXGroup;
			children = (
				2007CB331C478E5C00E8B154 /* Nest.app */,
			);
			name = Products;
			sourceTree = "<group>";
		};
		2007CB351C478E5C00E8B154 /* Nest */ = {
			isa = PBXGroup;
			children = (
				2007CB761C480AD900E8B154 /* Categories */,
				2007CB6A1C47E84100E8B154 /* Model */,
				2007CB631C47D23C00E8B154 /* Auth */,
				2007CB621C47D22D00E8B154 /* Network */,
				2007CB5A1C47C28500E8B154 /* Storyboards */,
				2007CB561C47C28000E8B154 /* ViewControllers */,
				2007CB391C478E5C00E8B154 /* AppDelegate.h */,
				2007CB3A1C478E5C00E8B154 /* AppDelegate.m */,
				2007CB361C478E5C00E8B154 /* Supporting Files */,
			);
			path = Nest;
			sourceTree = "<group>";
		};
		2007CB361C478E5C00E8B154 /* Supporting Files */ = {
			isa = PBXGroup;
			children = (
				2007CB421C478E5C00E8B154 /* Assets.xcassets */,
				2007CB471C478E5D00E8B154 /* Info.plist */,
				2007CB371C478E5C00E8B154 /* main.m */,
				2007CB871C48F00E00E8B154 /* PrefixHeader.pch */,
			);
			name = "Supporting Files";
			sourceTree = "<group>";
		};
		2007CB561C47C28000E8B154 /* ViewControllers */ = {
			isa = PBXGroup;
			children = (
				2007CB5F1C47C43000E8B154 /* LoginViewController.h */,
				2007CB601C47C43000E8B154 /* LoginViewController.m */,
				2007CB801C48E5F300E8B154 /* MainTabBarController.h */,
				2007CB811C48E5F300E8B154 /* MainTabBarController.m */,
				2007CB831C48E6BB00E8B154 /* ProfileViewController.h */,
				2007CB841C48E6BB00E8B154 /* ProfileViewController.m */,
				2039A7751C4A5D3000CC5BC5 /* StructuresViewController.h */,
				2039A7761C4A5D3000CC5BC5 /* StructuresViewController.m */,
				2039A7781C4A636500CC5BC5 /* ThermostatsTableViewController.h */,
				2039A7791C4A636500CC5BC5 /* ThermostatsTableViewController.m */,
				2007CB8B1C492D1F00E8B154 /* ThermostatDetailsViewController.h */,
				2007CB8C1C492D1F00E8B154 /* ThermostatDetailsViewController.m */,
			);
			path = ViewControllers;
			sourceTree = "<group>";
		};
		2007CB5A1C47C28500E8B154 /* Storyboards */ = {
			isa = PBXGroup;
			children = (
				2007CB3F1C478E5C00E8B154 /* Main.storyboard */,
				2007CB441C478E5C00E8B154 /* LaunchScreen.storyboard */,
			);
			name = Storyboards;
			sourceTree = "<group>";
		};
		2007CB621C47D22D00E8B154 /* Network */ = {
			isa = PBXGroup;
			children = (
				2007CB881C49279400E8B154 /* FirebaseManager.h */,
				2007CB891C49279400E8B154 /* FirebaseManager.m */,
			);
			path = Network;
			sourceTree = "<group>";
		};
		2007CB631C47D23C00E8B154 /* Auth */ = {
			isa = PBXGroup;
			children = (
				2007CB641C47D24300E8B154 /* AuthManager.h */,
				2007CB651C47D24300E8B154 /* AuthManager.m */,
			);
			path = Auth;
			sourceTree = "<group>";
		};
		2007CB6A1C47E84100E8B154 /* Model */ = {
			isa = PBXGroup;
			children = (
				2007CB711C4805E400E8B154 /* Entities */,
				2007CB6B1C4805B000E8B154 /* BaseModel.h */,
				2007CB6C1C4805B000E8B154 /* BaseModel.m */,
			);
			path = Model;
			sourceTree = "<group>";
		};
		2007CB711C4805E400E8B154 /* Entities */ = {
			isa = PBXGroup;
			children = (
				2007CB721C4805E400E8B154 /* AccessToken.h */,
				2007CB731C4805E400E8B154 /* AccessToken.m */,
				2007CB8E1C493A0A00E8B154 /* DeviceLocation.h */,
				2007CB8F1C493A0A00E8B154 /* DeviceLocation.m */,
				2007CB911C493ADD00E8B154 /* Structure.h */,
				2007CB921C493ADD00E8B154 /* Structure.m */,
				2007CB941C49405000E8B154 /* Metadata.h */,
				2007CB951C49405000E8B154 /* Metadata.m */,
				2007CB971C49416200E8B154 /* Thermostat.h */,
				2007CB981C49416200E8B154 /* Thermostat.m */,
				2039A76C1C49553700CC5BC5 /* State.h */,
				2039A76D1C49553700CC5BC5 /* State.m */,
				2039A76F1C49565B00CC5BC5 /* Devices.h */,
				2039A7701C49565B00CC5BC5 /* Devices.m */,
			);
			path = Entities;
			sourceTree = "<group>";
		};
		2007CB761C480AD900E8B154 /* Categories */ = {
			isa = PBXGroup;
			children = (
				2007CB7A1C480B0300E8B154 /* MTLJSONAdapter+Utils.h */,
				2007CB7B1C480B0300E8B154 /* MTLJSONAdapter+Utils.m */,
				2039A7721C495A0F00CC5BC5 /* MTLValueTransformer+PseudoArray.h */,
				2039A7731C495A0F00CC5BC5 /* MTLValueTransformer+PseudoArray.m */,
				2007CB7D1C480ED300E8B154 /* UIViewController+Alerts.h */,
				2007CB7E1C480ED300E8B154 /* UIViewController+Alerts.m */,
				2039A7691C4953D500CC5BC5 /* NSDateFormatter+ISO8601.h */,
				2039A76A1C4953D500CC5BC5 /* NSDateFormatter+ISO8601.m */,
				205CA99B1C5266F400D73F37 /* UITableView+Utils.h */,
				205CA99C1C5266F400D73F37 /* UITableView+Utils.m */,
				205CA99E1C526C6300D73F37 /* UIColor+CustomColors.h */,
				205CA99F1C526C6300D73F37 /* UIColor+CustomColors.m */,
			);
			path = Categories;
			sourceTree = "<group>";
		};
		7D10876A14DC4D24391258B0 /* Pods */ = {
			isa = PBXGroup;
			children = (
				3AF5F20CE1DD94DA1A836ACC /* Pods-Nest.debug.xcconfig */,
				A30279169605DB52286435E2 /* Pods-Nest.release.xcconfig */,
			);
			name = Pods;
			sourceTree = "<group>";
		};
/* End PBXGroup section */

/* Begin PBXNativeTarget section */
		2007CB321C478E5C00E8B154 /* Nest */ = {
			isa = PBXNativeTarget;
			buildConfigurationList = 2007CB4A1C478E5D00E8B154 /* Build configuration list for PBXNativeTarget "Nest" */;
			buildPhases = (
				333FEAD3D27457BDD266EF28 /* Check Pods Manifest.lock */,
				2007CB2F1C478E5C00E8B154 /* Sources */,
				2007CB301C478E5C00E8B154 /* Frameworks */,
				2007CB311C478E5C00E8B154 /* Resources */,
				F635A93EE9D6E29A538A3741 /* Embed Pods Frameworks */,
				5C27DCAE89A67758EBE5E965 /* Copy Pods Resources */,
			);
			buildRules = (
			);
			dependencies = (
			);
			name = Nest;
			productName = Nest;
			productReference = 2007CB331C478E5C00E8B154 /* Nest.app */;
			productType = "com.apple.product-type.application";
		};
/* End PBXNativeTarget section */

/* Begin PBXProject section */
		2007CB2B1C478E5C00E8B154 /* Project object */ = {
			isa = PBXProject;
			attributes = {
				LastUpgradeCheck = 0720;
				ORGANIZATIONNAME = ScienceSoft;
				TargetAttributes = {
					2007CB321C478E5C00E8B154 = {
						CreatedOnToolsVersion = 7.2;
					};
				};
			};
			buildConfigurationList = 2007CB2E1C478E5C00E8B154 /* Build configuration list for PBXProject "Nest" */;
			compatibilityVersion = "Xcode 3.2";
			developmentRegion = English;
			hasScannedForEncodings = 0;
			knownRegions = (
				en,
				Base,
			);
			mainGroup = 2007CB2A1C478E5C00E8B154;
			productRefGroup = 2007CB341C478E5C00E8B154 /* Products */;
			projectDirPath = "";
			projectRoot = "";
			targets = (
				2007CB321C478E5C00E8B154 /* Nest */,
			);
		};
/* End PBXProject section */

/* Begin PBXResourcesBuildPhase section */
		2007CB311C478E5C00E8B154 /* Resources */ = {
			isa = PBXResourcesBuildPhase;
			buildActionMask = 2147483647;
			files = (
				2007CB461C478E5C00E8B154 /* LaunchScreen.storyboard in Resources */,
				2007CB431C478E5C00E8B154 /* Assets.xcassets in Resources */,
				2007CB411C478E5C00E8B154 /* Main.storyboard in Resources */,
			);
			runOnlyForDeploymentPostprocessing = 0;
		};
/* End PBXResourcesBuildPhase section */

/* Begin PBXShellScriptBuildPhase section */
		333FEAD3D27457BDD266EF28 /* Check Pods Manifest.lock */ = {
			isa = PBXShellScriptBuildPhase;
			buildActionMask = 2147483647;
			files = (
			);
			inputPaths = (
			);
			name = "Check Pods Manifest.lock";
			outputPaths = (
			);
			runOnlyForDeploymentPostprocessing = 0;
			shellPath = /bin/sh;
			shellScript = "diff \"${PODS_ROOT}/../Podfile.lock\" \"${PODS_ROOT}/Manifest.lock\" > /dev/null\nif [[ $? != 0 ]] ; then\n    cat << EOM\nerror: The sandbox is not in sync with the Podfile.lock. Run 'pod install' or update your CocoaPods installation.\nEOM\n    exit 1\nfi\n";
			showEnvVarsInLog = 0;
		};
		5C27DCAE89A67758EBE5E965 /* Copy Pods Resources */ = {
			isa = PBXShellScriptBuildPhase;
			buildActionMask = 2147483647;
			files = (
			);
			inputPaths = (
			);
			name = "Copy Pods Resources";
			outputPaths = (
			);
			runOnlyForDeploymentPostprocessing = 0;
			shellPath = /bin/sh;
			shellScript = "\"${SRCROOT}/Pods/Target Support Files/Pods-Nest/Pods-Nest-resources.sh\"\n";
			showEnvVarsInLog = 0;
		};
		F635A93EE9D6E29A538A3741 /* Embed Pods Frameworks */ = {
			isa = PBXShellScriptBuildPhase;
			buildActionMask = 2147483647;
			files = (
			);
			inputPaths = (
			);
			name = "Embed Pods Frameworks";
			outputPaths = (
			);
			runOnlyForDeploymentPostprocessing = 0;
			shellPath = /bin/sh;
			shellScript = "\"${SRCROOT}/Pods/Target Support Files/Pods-Nest/Pods-Nest-frameworks.sh\"\n";
			showEnvVarsInLog = 0;
		};
/* End PBXShellScriptBuildPhase section */

/* Begin PBXSourcesBuildPhase section */
		2007CB2F1C478E5C00E8B154 /* Sources */ = {
			isa = PBXSourcesBuildPhase;
			buildActionMask = 2147483647;
			files = (
				2007CB6D1C4805B000E8B154 /* BaseModel.m in Sources */,
				2007CB661C47D24300E8B154 /* AuthManager.m in Sources */,
				205CA99D1C5266F400D73F37 /* UITableView+Utils.m in Sources */,
				2007CB991C49416200E8B154 /* Thermostat.m in Sources */,
				2039A76E1C49553700CC5BC5 /* State.m in Sources */,
				2007CB741C4805E400E8B154 /* AccessToken.m in Sources */,
				205CA9A01C526C6300D73F37 /* UIColor+CustomColors.m in Sources */,
				2039A7741C495A0F00CC5BC5 /* MTLValueTransformer+PseudoArray.m in Sources */,
				2007CB961C49405000E8B154 /* Metadata.m in Sources */,
				2007CB901C493A0A00E8B154 /* DeviceLocation.m in Sources */,
				2007CB611C47C43000E8B154 /* LoginViewController.m in Sources */,
				2007CB7C1C480B0300E8B154 /* MTLJSONAdapter+Utils.m in Sources */,
				2007CB8A1C49279400E8B154 /* FirebaseManager.m in Sources */,
				2007CB931C493ADD00E8B154 /* Structure.m in Sources */,
				2007CB821C48E5F300E8B154 /* MainTabBarController.m in Sources */,
				2039A76B1C4953D500CC5BC5 /* NSDateFormatter+ISO8601.m in Sources */,
				2039A7771C4A5D3000CC5BC5 /* StructuresViewController.m in Sources */,
				2007CB7F1C480ED300E8B154 /* UIViewController+Alerts.m in Sources */,
				2039A77A1C4A636500CC5BC5 /* ThermostatsTableViewController.m in Sources */,
				2007CB8D1C492D1F00E8B154 /* ThermostatDetailsViewController.m in Sources */,
				2039A7711C49565B00CC5BC5 /* Devices.m in Sources */,
				2007CB851C48E6BB00E8B154 /* ProfileViewController.m in Sources */,
				2007CB3B1C478E5C00E8B154 /* AppDelegate.m in Sources */,
				2007CB381C478E5C00E8B154 /* main.m in Sources */,
			);
			runOnlyForDeploymentPostprocessing = 0;
		};
/* End PBXSourcesBuildPhase section */

/* Begin PBXVariantGroup section */
		2007CB3F1C478E5C00E8B154 /* Main.storyboard */ = {
			isa = PBXVariantGroup;
			children = (
				2007CB401C478E5C00E8B154 /* Base */,
			);
			name = Main.storyboard;
			sourceTree = "<group>";
		};
		2007CB441C478E5C00E8B154 /* LaunchScreen.storyboard */ = {
			isa = PBXVariantGroup;
			children = (
				2007CB451C478E5C00E8B154 /* Base */,
			);
			name = LaunchScreen.storyboard;
			sourceTree = "<group>";
		};
/* End PBXVariantGroup section */

/* Begin XCBuildConfiguration section */
		2007CB481C478E5D00E8B154 /* Debug */ = {
			isa = XCBuildConfiguration;
			buildSettings = {
				ALWAYS_SEARCH_USER_PATHS = NO;
				CLANG_CXX_LANGUAGE_STANDARD = "gnu++0x";
				CLANG_CXX_LIBRARY = "libc++";
				CLANG_ENABLE_MODULES = YES;
				CLANG_ENABLE_OBJC_ARC = YES;
				CLANG_WARN_BOOL_CONVERSION = YES;
				CLANG_WARN_CONSTANT_CONVERSION = YES;
				CLANG_WARN_DIRECT_OBJC_ISA_USAGE = YES_ERROR;
				CLANG_WARN_EMPTY_BODY = YES;
				CLANG_WARN_ENUM_CONVERSION = YES;
				CLANG_WARN_INT_CONVERSION = YES;
				CLANG_WARN_OBJC_ROOT_CLASS = YES_ERROR;
				CLANG_WARN_UNREACHABLE_CODE = YES;
				CLANG_WARN__DUPLICATE_METHOD_MATCH = YES;
				"CODE_SIGN_IDENTITY[sdk=iphoneos*]" = "iPhone Developer";
				COPY_PHASE_STRIP = NO;
				DEBUG_INFORMATION_FORMAT = dwarf;
				ENABLE_STRICT_OBJC_MSGSEND = YES;
				ENABLE_TESTABILITY = YES;
				GCC_C_LANGUAGE_STANDARD = gnu99;
				GCC_DYNAMIC_NO_PIC = NO;
				GCC_NO_COMMON_BLOCKS = YES;
				GCC_OPTIMIZATION_LEVEL = 0;
				GCC_PREPROCESSOR_DEFINITIONS = (
					"DEBUG=1",
					"$(inherited)",
				);
				GCC_WARN_64_TO_32_BIT_CONVERSION = YES;
				GCC_WARN_ABOUT_RETURN_TYPE = YES_ERROR;
				GCC_WARN_UNDECLARED_SELECTOR = YES;
				GCC_WARN_UNINITIALIZED_AUTOS = YES_AGGRESSIVE;
				GCC_WARN_UNUSED_FUNCTION = YES;
				GCC_WARN_UNUSED_VARIABLE = YES;
				IPHONEOS_DEPLOYMENT_TARGET = 9.2;
				MTL_ENABLE_DEBUG_INFO = YES;
				ONLY_ACTIVE_ARCH = YES;
				SDKROOT = iphoneos;
			};
			name = Debug;
		};
		2007CB491C478E5D00E8B154 /* Release */ = {
			isa = XCBuildConfiguration;
			buildSettings = {
				ALWAYS_SEARCH_USER_PATHS = NO;
				CLANG_CXX_LANGUAGE_STANDARD = "gnu++0x";
				CLANG_CXX_LIBRARY = "libc++";
				CLANG_ENABLE_MODULES = YES;
				CLANG_ENABLE_OBJC_ARC = YES;
				CLANG_WARN_BOOL_CONVERSION = YES;
				CLANG_WARN_CONSTANT_CONVERSION = YES;
				CLANG_WARN_DIRECT_OBJC_ISA_USAGE = YES_ERROR;
				CLANG_WARN_EMPTY_BODY = YES;
				CLANG_WARN_ENUM_CONVERSION = YES;
				CLANG_WARN_INT_CONVERSION = YES;
				CLANG_WARN_OBJC_ROOT_CLASS = YES_ERROR;
				CLANG_WARN_UNREACHABLE_CODE = YES;
				CLANG_WARN__DUPLICATE_METHOD_MATCH = YES;
				"CODE_SIGN_IDENTITY[sdk=iphoneos*]" = "iPhone Developer";
				COPY_PHASE_STRIP = NO;
				DEBUG_INFORMATION_FORMAT = "dwarf-with-dsym";
				ENABLE_NS_ASSERTIONS = NO;
				ENABLE_STRICT_OBJC_MSGSEND = YES;
				GCC_C_LANGUAGE_STANDARD = gnu99;
				GCC_NO_COMMON_BLOCKS = YES;
				GCC_WARN_64_TO_32_BIT_CONVERSION = YES;
				GCC_WARN_ABOUT_RETURN_TYPE = YES_ERROR;
				GCC_WARN_UNDECLARED_SELECTOR = YES;
				GCC_WARN_UNINITIALIZED_AUTOS = YES_AGGRESSIVE;
				GCC_WARN_UNUSED_FUNCTION = YES;
				GCC_WARN_UNUSED_VARIABLE = YES;
				IPHONEOS_DEPLOYMENT_TARGET = 9.2;
				MTL_ENABLE_DEBUG_INFO = NO;
				SDKROOT = iphoneos;
				VALIDATE_PRODUCT = YES;
			};
			name = Release;
		};
		2007CB4B1C478E5D00E8B154 /* Debug */ = {
			isa = XCBuildConfiguration;
			baseConfigurationReference = 3AF5F20CE1DD94DA1A836ACC /* Pods-Nest.debug.xcconfig */;
			buildSettings = {
				ASSETCATALOG_COMPILER_APPICON_NAME = AppIcon;
				CODE_SIGN_IDENTITY = "iPhone Developer";
				ENABLE_BITCODE = NO;
				FRAMEWORK_SEARCH_PATHS = (
					"$(inherited)",
					"$(PROJECT_DIR)/third_party",
				);
				GCC_PRECOMPILE_PREFIX_HEADER = YES;
				GCC_PREFIX_HEADER = Nest/PrefixHeader.pch;
				INFOPLIST_FILE = Nest/Info.plist;
				IPHONEOS_DEPLOYMENT_TARGET = 9.2;
				LD_RUNPATH_SEARCH_PATHS = "$(inherited) @executable_path/Frameworks";
				PRODUCT_BUNDLE_IDENTIFIER = isamalazau.Nest;
				PRODUCT_NAME = "$(TARGET_NAME)";
			};
			name = Debug;
		};
		2007CB4C1C478E5D00E8B154 /* Release */ = {
			isa = XCBuildConfiguration;
			baseConfigurationReference = A30279169605DB52286435E2 /* Pods-Nest.release.xcconfig */;
			buildSettings = {
				ASSETCATALOG_COMPILER_APPICON_NAME = AppIcon;
				CODE_SIGN_IDENTITY = "iPhone Developer";
				ENABLE_BITCODE = NO;
				FRAMEWORK_SEARCH_PATHS = (
					"$(inherited)",
					"$(PROJECT_DIR)/third_party",
				);
				GCC_PRECOMPILE_PREFIX_HEADER = YES;
				GCC_PREFIX_HEADER = Nest/PrefixHeader.pch;
				INFOPLIST_FILE = Nest/Info.plist;
				IPHONEOS_DEPLOYMENT_TARGET = 9.2;
				LD_RUNPATH_SEARCH_PATHS = "$(inherited) @executable_path/Frameworks";
				PRODUCT_BUNDLE_IDENTIFIER = isamalazau.Nest;
				PRODUCT_NAME = "$(TARGET_NAME)";
			};
			name = Release;
		};
/* End XCBuildConfiguration section */

/* Begin XCConfigurationList section */
		2007CB2E1C478E5C00E8B154 /* Build configuration list for PBXProject "Nest" */ = {
			isa = XCConfigurationList;
			buildConfigurations = (
				2007CB481C478E5D00E8B154 /* Debug */,
				2007CB491C478E5D00E8B154 /* Release */,
			);
			defaultConfigurationIsVisible = 0;
			defaultConfigurationName = Release;
		};
		2007CB4A1C478E5D00E8B154 /* Build configuration list for PBXNativeTarget "Nest" */ = {
			isa = XCConfigurationList;
			buildConfigurations = (
				2007CB4B1C478E5D00E8B154 /* Debug */,
				2007CB4C1C478E5D00E8B154 /* Release */,
			);
			defaultConfigurationIsVisible = 0;
			defaultConfigurationName = Release;
		};
/* End XCConfigurationList section */
	};
	rootObject = 2007CB2B1C478E5C00E8B154 /* Project object */;
}
